github.com/PortableSheep/delve_sdk v0.0.0-20250813152836-4d1ab58ec7e0 h1:9XKRtbxwmKzoulmKEZ7g2Hez7ifBW6q4q0fAWTGQ92U=
github.com/PortableSheep/delve_sdk v0.0.0-20250813152836-4d1ab58ec7e0/go.mod h1:DQA4YwvHRYyjuNd1/6yac7mdYybU0zNyaGjJb6cHr6Q=
github.com/gorilla/websocket v1.5.3 h1:saDtZ6Pbx/0u+bgYQ3q96pZgCzfhKXGPqt7kZ72aNNg=
github.com/gorilla/websocket v1.5.3/go.mod h1:YR8l580nyteQvAITg2hZ9XVh4b55+EU/adAjf1fMHhE=
